
Microsoft Visual Studio Solution File, Format Version 12.00
# Visual Studio Version 16
VisualStudioVersion = 16.0.30204.135
MinimumVisualStudioVersion = 10.0.40219.1
Project("{FAE04EC0-301F-11D3-BF4B-00C04F79EFBC}") = "UdemyTranscation.UI", "UdemyTranscation.UI\UdemyTranscation.UI.csproj", "{1A01FAA5-0B72-4D9B-AE46-8FDDDDBC37FB}"
EndProject
Global
	GlobalSection(SolutionConfigurationPlatforms) = preSolution
		Debug|Any CPU = Debug|Any CPU
		Release|Any CPU = Release|Any CPU
	EndGlobalSection
	GlobalSection(ProjectConfigurationPlatforms) = postSolution
		{1A01FAA5-0B72-4D9B-AE46-8FDDDDBC37FB}.Debug|Any CPU.ActiveCfg = Debug|Any CPU
		{1A01FAA5-0B72-4D9B-AE46-8FDDDDBC37FB}.Debug|Any CPU.Build.0 = Debug|Any CPU
		{1A01FAA5-0B72-4D9B-AE46-8FDDDDBC37FB}.Release|Any CPU.ActiveCfg = Release|Any CPU
		{1A01FAA5-0B72-4D9B-AE46-8FDDDDBC37FB}.Release|Any CPU.Build.0 = Release|Any CPU
	EndGlobalSection
	GlobalSection(SolutionProperties) = preSolution
		HideSolutionNode = FALSE
	EndGlobalSection
	GlobalSection(ExtensibilityGlobals) = postSolution
		SolutionGuid = {369A29AE-39A9-442A-BAC7-9273F293CFBB}
	EndGlobalSection
EndGlobal
